
Microsoft Visual Studio Solution File, Format Version 12.00
# Visual Studio Version 17
VisualStudioVersion = 17.9.34622.214
MinimumVisualStudioVersion = 10.0.40219.1
Project("{2150E333-8FDC-42A3-9474-1A3956D46DE8}") = "Core", "Core", "{7309BA22-96AD-42A8-B18E-730F9F6E0848}"
EndProject
Project("{FAE04EC0-301F-11D3-BF4B-00C04F79EFBC}") = "CarBook.Domain", "Core\CarBook.Domain\CarBook.Domain.csproj", "{E01703DF-8553-4AFD-8F9B-9525B293506C}"
EndProject
Project("{2150E333-8FDC-42A3-9474-1A3956D46DE8}") = "Infrastructure", "Infrastructure", "{AE1EA20F-5CE6-48E1-BBEF-7C048503ACEE}"
EndProject
Project("{FAE04EC0-301F-11D3-BF4B-00C04F79EFBC}") = "CarBook.Persistance", "Infrastructure\CarBook.Persistance\CarBook.Persistance.csproj", "{07C3FF05-CE23-4A29-8402-A12A3673DF0F}"
EndProject
Project("{2150E333-8FDC-42A3-9474-1A3956D46DE8}") = "Presentation", "Presentation", "{C83BAC16-B3B1-4D25-B75E-D145A815F686}"
EndProject
Project("{FAE04EC0-301F-11D3-BF4B-00C04F79EFBC}") = "CarBook.WebApi", "Presentation\CarBook.WebApi\CarBook.WebApi.csproj", "{467E8C1A-03D6-479E-9BE8-182F45C91FE1}"
EndProject
Project("{FAE04EC0-301F-11D3-BF4B-00C04F79EFBC}") = "CarBook.Application", "Core\CarBook.Application\CarBook.Application.csproj", "{54BAB699-E381-4653-89BB-BE4F7FB614A3}"
EndProject
Global
	GlobalSection(SolutionConfigurationPlatforms) = preSolution
		Debug|Any CPU = Debug|Any CPU
		Release|Any CPU = Release|Any CPU
	EndGlobalSection
	GlobalSection(ProjectConfigurationPlatforms) = postSolution
		{E01703DF-8553-4AFD-8F9B-9525B293506C}.Debug|Any CPU.ActiveCfg = Debug|Any CPU
		{E01703DF-8553-4AFD-8F9B-9525B293506C}.Debug|Any CPU.Build.0 = Debug|Any CPU
		{E01703DF-8553-4AFD-8F9B-9525B293506C}.Release|Any CPU.ActiveCfg = Release|Any CPU
		{E01703DF-8553-4AFD-8F9B-9525B293506C}.Release|Any CPU.Build.0 = Release|Any CPU
		{07C3FF05-CE23-4A29-8402-A12A3673DF0F}.Debug|Any CPU.ActiveCfg = Debug|Any CPU
		{07C3FF05-CE23-4A29-8402-A12A3673DF0F}.Debug|Any CPU.Build.0 = Debug|Any CPU
		{07C3FF05-CE23-4A29-8402-A12A3673DF0F}.Release|Any CPU.ActiveCfg = Release|Any CPU
		{07C3FF05-CE23-4A29-8402-A12A3673DF0F}.Release|Any CPU.Build.0 = Release|Any CPU
		{467E8C1A-03D6-479E-9BE8-182F45C91FE1}.Debug|Any CPU.ActiveCfg = Debug|Any CPU
		{467E8C1A-03D6-479E-9BE8-182F45C91FE1}.Debug|Any CPU.Build.0 = Debug|Any CPU
		{467E8C1A-03D6-479E-9BE8-182F45C91FE1}.Release|Any CPU.ActiveCfg = Release|Any CPU
		{467E8C1A-03D6-479E-9BE8-182F45C91FE1}.Release|Any CPU.Build.0 = Release|Any CPU
		{54BAB699-E381-4653-89BB-BE4F7FB614A3}.Debug|Any CPU.ActiveCfg = Debug|Any CPU
		{54BAB699-E381-4653-89BB-BE4F7FB614A3}.Debug|Any CPU.Build.0 = Debug|Any CPU
		{54BAB699-E381-4653-89BB-BE4F7FB614A3}.Release|Any CPU.ActiveCfg = Release|Any CPU
		{54BAB699-E381-4653-89BB-BE4F7FB614A3}.Release|Any CPU.Build.0 = Release|Any CPU
	EndGlobalSection
	GlobalSection(SolutionProperties) = preSolution
		HideSolutionNode = FALSE
	EndGlobalSection
	GlobalSection(NestedProjects) = preSolution
		{E01703DF-8553-4AFD-8F9B-9525B293506C} = {7309BA22-96AD-42A8-B18E-730F9F6E0848}
		{07C3FF05-CE23-4A29-8402-A12A3673DF0F} = {AE1EA20F-5CE6-48E1-BBEF-7C048503ACEE}
		{467E8C1A-03D6-479E-9BE8-182F45C91FE1} = {C83BAC16-B3B1-4D25-B75E-D145A815F686}
		{54BAB699-E381-4653-89BB-BE4F7FB614A3} = {7309BA22-96AD-42A8-B18E-730F9F6E0848}
	EndGlobalSection
	GlobalSection(ExtensibilityGlobals) = postSolution
		SolutionGuid = {927EFC65-1DE4-466B-98F7-889E93BC1AAE}
	EndGlobalSection
EndGlobal
